version = 1
revision = 1
requires-python = ">=3.12"

[[package]]
name = "a-0"
version = "0.1.0"
source = { virtual = "." }
dependencies = [
    { name = "numpy" },
]

[package.metadata]
requires-dist = [{ name = "numpy", specifier = "==1.26.0" }]

[[package]]
name = "numpy"
version = "1.26.0"
source = { registry = "https://pypi.org/simple" }
sdist = { url = "https://files.pythonhosted.org/packages/55/b3/b13bce39ba82b7398c06d10446f5ffd5c07db39b09bd37370dc720c7951c/numpy-1.26.0.tar.gz", hash = "sha256:f93fc78fe8bf15afe2b8d6b6499f1c73953169fad1e9a8dd086cdff3190e7fdf", size = 15633455 }
wheels = [
    { url = "https://files.pythonhosted.org/packages/e9/83/f8a62f08d38d831a2980427ffc465a4207fe600124b00cfb0ef8265594a7/numpy-1.26.0-cp312-cp312-macosx_10_9_x86_64.whl", hash = "sha256:166b36197e9debc4e384e9c652ba60c0bacc216d0fc89e78f973a9760b503388", size = 20325091 },
    { url = "https://files.pythonhosted.org/packages/7a/72/6d1cbdf0d770016bc9485f9ef02e73d5cb4cf3c726f8e120b860a403d307/numpy-1.26.0-cp312-cp312-macosx_11_0_arm64.whl", hash = "sha256:f042f66d0b4ae6d48e70e28d487376204d3cbf43b84c03bac57e28dac6151581", size = 13672867 },
    { url = "https://files.pythonhosted.org/packages/2f/70/c071b2347e339f572f5aa61f649b70167e5dd218e3da3dc600c9b08154b9/numpy-1.26.0-cp312-cp312-manylinux_2_17_aarch64.manylinux2014_aarch64.whl", hash = "sha256:e5e18e5b14a7560d8acf1c596688f4dfd19b4f2945b245a71e5af4ddb7422feb", size = 13872627 },
    { url = "https://files.pythonhosted.org/packages/e3/e2/4ecfbc4a2e3f9d227b008c92a5d1f0370190a639b24fec3b226841eaaf19/numpy-1.26.0-cp312-cp312-manylinux_2_17_x86_64.manylinux2014_x86_64.whl", hash = "sha256:7f6bad22a791226d0a5c7c27a80a20e11cfe09ad5ef9084d4d3fc4a299cca505", size = 17883864 },
    { url = "https://files.pythonhosted.org/packages/45/08/025bb65dbe19749f1a67a80655670941982e5d0144a4e588ebbdbcfe7983/numpy-1.26.0-cp312-cp312-musllinux_1_1_x86_64.whl", hash = "sha256:4acc65dd65da28060e206c8f27a573455ed724e6179941edb19f97e58161bb69", size = 17721550 },
    { url = "https://files.pythonhosted.org/packages/98/66/f0a846751044d0b6db5156fb6304d0336861ed055c21053a0f447103939c/numpy-1.26.0-cp312-cp312-win32.whl", hash = "sha256:bb0d9a1aaf5f1cb7967320e80690a1d7ff69f1d47ebc5a9bea013e3a21faec95", size = 19951520 },
    { url = "https://files.pythonhosted.org/packages/98/d7/1cc7a11118408ad21a5379ff2a4e0b0e27504c68ef6e808ebaa90ee95902/numpy-1.26.0-cp312-cp312-win_amd64.whl", hash = "sha256:ee84ca3c58fe48b8ddafdeb1db87388dce2c3c3f701bf447b05e4cfcc3679112", size = 15504471 },
]
